
Microsoft Visual Studio Solution File, Format Version 12.00
# Visual Studio Version 17
VisualStudioVersion = 17.3.32929.385
MinimumVisualStudioVersion = 10.0.40219.1
Project("{FAE04EC0-301F-11D3-BF4B-00C04F79EFBC}") = "Note_Record_Project", "Note_Record_Project.csproj", "{80E05D3F-9172-4706-8D3A-BE47FBEEB03A}"
EndProject
Global
	GlobalSection(SolutionConfigurationPlatforms) = preSolution
		Debug|Any CPU = Debug|Any CPU
		Release|Any CPU = Release|Any CPU
	EndGlobalSection
	GlobalSection(ProjectConfigurationPlatforms) = postSolution
		{80E05D3F-9172-4706-8D3A-BE47FBEEB03A}.Debug|Any CPU.ActiveCfg = Debug|Any CPU
		{80E05D3F-9172-4706-8D3A-BE47FBEEB03A}.Debug|Any CPU.Build.0 = Debug|Any CPU
		{80E05D3F-9172-4706-8D3A-BE47FBEEB03A}.Release|Any CPU.ActiveCfg = Release|Any CPU
		{80E05D3F-9172-4706-8D3A-BE47FBEEB03A}.Release|Any CPU.Build.0 = Release|Any CPU
	EndGlobalSection
	GlobalSection(SolutionProperties) = preSolution
		HideSolutionNode = FALSE
	EndGlobalSection
	GlobalSection(ExtensibilityGlobals) = postSolution
		SolutionGuid = {55EC7FF6-273D-4404-A9DB-CFE9235C1C80}
	EndGlobalSection
EndGlobal
